{
  "name": "ava",
  "version": "1.0.0",
  "lockfileVersion": 3,
  "requires": true,
  "packages": {
    "": {
      "name": "ava",
      "version": "1.0.0",
      "hasInstallScript": true,
      "dependencies": {
        "@preact/signals": "^1.1.5",
        "bootstrap": "^5.3.1",
        "history": "^5.3.0",
        "markdown-it": "^13.0.1",
        "preact": "^10.16.0",
        "preact-router": "^4.1.2"
      },
      "devDependencies": {
        "esbuild": "^0.18.17",
        "typescript": "^5.0.2"
      }
    },
    "node_modules/@babel/runtime": {
      "version": "7.22.6",
      "resolved": "https://registry.npmjs.org/@babel/runtime/-/runtime-7.22.6.tgz",
      "integrity": "sha512-wDb5pWm4WDdF6LFUde3Jl8WzPA+3ZbxYqkC6xAXuD3irdEHN1k0NfTRrJD8ZD378SJ61miMLCqIOXYhd8x+AJQ==",
      "dependencies": {
        "regenerator-runtime": "^0.13.11"
      },
      "engines": {
        "node": ">=6.9.0"
      }
    },
    "node_modules/@esbuild/android-arm": {
      "version": "0.18.17",
      "resolved": "https://registry.npmjs.org/@esbuild/android-arm/-/android-arm-0.18.17.tgz",
      "integrity": "sha512-wHsmJG/dnL3OkpAcwbgoBTTMHVi4Uyou3F5mf58ZtmUyIKfcdA7TROav/6tCzET4A3QW2Q2FC+eFneMU+iyOxg==",
      "cpu": [
        "arm"
      ],
      "dev": true,
      "optional": true,
      "os": [
        "android"
      ],
      "engines": {
        "node": ">=12"
      }
    },
    "node_modules/@esbuild/android-arm64": {
      "version": "0.18.17",
      "resolved": "https://registry.npmjs.org/@esbuild/android-arm64/-/android-arm64-0.18.17.tgz",
      "integrity": "sha512-9np+YYdNDed5+Jgr1TdWBsozZ85U1Oa3xW0c7TWqH0y2aGghXtZsuT8nYRbzOMcl0bXZXjOGbksoTtVOlWrRZg==",
      "cpu": [
        "arm64"
      ],
      "dev": true,
      "optional": true,
      "os": [
        "android"
      ],
      "engines": {
        "node": ">=12"
      }
    },
    "node_modules/@esbuild/android-x64": {
      "version": "0.18.17",
      "resolved": "https://registry.npmjs.org/@esbuild/android-x64/-/android-x64-0.18.17.tgz",
      "integrity": "sha512-O+FeWB/+xya0aLg23hHEM2E3hbfwZzjqumKMSIqcHbNvDa+dza2D0yLuymRBQQnC34CWrsJUXyH2MG5VnLd6uw==",
      "cpu": [
        "x64"
      ],
      "dev": true,
      "optional": true,
      "os": [
        "android"
      ],
      "engines": {
        "node": ">=12"
      }
    },
    "node_modules/@esbuild/darwin-arm64": {
      "version": "0.18.17",
      "resolved": "https://registry.npmjs.org/@esbuild/darwin-arm64/-/darwin-arm64-0.18.17.tgz",
      "integrity": "sha512-M9uJ9VSB1oli2BE/dJs3zVr9kcCBBsE883prage1NWz6pBS++1oNn/7soPNS3+1DGj0FrkSvnED4Bmlu1VAE9g==",
      "cpu": [
        "arm64"
      ],
      "dev": true,
      "optional": true,
      "os": [
        "darwin"
      ],
      "engines": {
        "node": ">=12"
      }
    },
    "node_modules/@esbuild/darwin-x64": {
      "version": "0.18.17",
      "resolved": "https://registry.npmjs.org/@esbuild/darwin-x64/-/darwin-x64-0.18.17.tgz",
      "integrity": "sha512-XDre+J5YeIJDMfp3n0279DFNrGCXlxOuGsWIkRb1NThMZ0BsrWXoTg23Jer7fEXQ9Ye5QjrvXpxnhzl3bHtk0g==",
      "cpu": [
        "x64"
      ],
      "dev": true,
      "optional": true,
      "os": [
        "darwin"
      ],
      "engines": {
        "node": ">=12"
      }
    },
    "node_modules/@esbuild/freebsd-arm64": {
      "version": "0.18.17",
      "resolved": "https://registry.npmjs.org/@esbuild/freebsd-arm64/-/freebsd-arm64-0.18.17.tgz",
      "integrity": "sha512-cjTzGa3QlNfERa0+ptykyxs5A6FEUQQF0MuilYXYBGdBxD3vxJcKnzDlhDCa1VAJCmAxed6mYhA2KaJIbtiNuQ==",
      "cpu": [
        "arm64"
      ],
      "dev": true,
      "optional": true,
      "os": [
        "freebsd"
      ],
      "engines": {
        "node": ">=12"
      }
    },
    "node_modules/@esbuild/freebsd-x64": {
      "version": "0.18.17",
      "resolved": "https://registry.npmjs.org/@esbuild/freebsd-x64/-/freebsd-x64-0.18.17.tgz",
      "integrity": "sha512-sOxEvR8d7V7Kw8QqzxWc7bFfnWnGdaFBut1dRUYtu+EIRXefBc/eIsiUiShnW0hM3FmQ5Zf27suDuHsKgZ5QrA==",
      "cpu": [
        "x64"
      ],
      "dev": true,
      "optional": true,
      "os": [
        "freebsd"
      ],
      "engines": {
        "node": ">=12"
      }
    },
    "node_modules/@esbuild/linux-arm": {
      "version": "0.18.17",
      "resolved": "https://registry.npmjs.org/@esbuild/linux-arm/-/linux-arm-0.18.17.tgz",
      "integrity": "sha512-2d3Lw6wkwgSLC2fIvXKoMNGVaeY8qdN0IC3rfuVxJp89CRfA3e3VqWifGDfuakPmp90+ZirmTfye1n4ncjv2lg==",
      "cpu": [
        "arm"
      ],
      "dev": true,
      "optional": true,
      "os": [
        "linux"
      ],
      "engines": {
        "node": ">=12"
      }
    },
    "node_modules/@esbuild/linux-arm64": {
      "version": "0.18.17",
      "resolved": "https://registry.npmjs.org/@esbuild/linux-arm64/-/linux-arm64-0.18.17.tgz",
      "integrity": "sha512-c9w3tE7qA3CYWjT+M3BMbwMt+0JYOp3vCMKgVBrCl1nwjAlOMYzEo+gG7QaZ9AtqZFj5MbUc885wuBBmu6aADQ==",
      "cpu": [
        "arm64"
      ],
      "dev": true,
      "optional": true,
      "os": [
        "linux"
      ],
      "engines": {
        "node": ">=12"
      }
    },
    "node_modules/@esbuild/linux-ia32": {
      "version": "0.18.17",
      "resolved": "https://registry.npmjs.org/@esbuild/linux-ia32/-/linux-ia32-0.18.17.tgz",
      "integrity": "sha512-1DS9F966pn5pPnqXYz16dQqWIB0dmDfAQZd6jSSpiT9eX1NzKh07J6VKR3AoXXXEk6CqZMojiVDSZi1SlmKVdg==",
      "cpu": [
        "ia32"
      ],
      "dev": true,
      "optional": true,
      "os": [
        "linux"
      ],
      "engines": {
        "node": ">=12"
      }
    },
    "node_modules/@esbuild/linux-loong64": {
      "version": "0.18.17",
      "resolved": "https://registry.npmjs.org/@esbuild/linux-loong64/-/linux-loong64-0.18.17.tgz",
      "integrity": "sha512-EvLsxCk6ZF0fpCB6w6eOI2Fc8KW5N6sHlIovNe8uOFObL2O+Mr0bflPHyHwLT6rwMg9r77WOAWb2FqCQrVnwFg==",
      "cpu": [
        "loong64"
      ],
      "dev": true,
      "optional": true,
      "os": [
        "linux"
      ],
      "engines": {
        "node": ">=12"
      }
    },
    "node_modules/@esbuild/linux-mips64el": {
      "version": "0.18.17",
      "resolved": "https://registry.npmjs.org/@esbuild/linux-mips64el/-/linux-mips64el-0.18.17.tgz",
      "integrity": "sha512-e0bIdHA5p6l+lwqTE36NAW5hHtw2tNRmHlGBygZC14QObsA3bD4C6sXLJjvnDIjSKhW1/0S3eDy+QmX/uZWEYQ==",
      "cpu": [
        "mips64el"
      ],
      "dev": true,
      "optional": true,
      "os": [
        "linux"
      ],
      "engines": {
        "node": ">=12"
      }
    },
    "node_modules/@esbuild/linux-ppc64": {
      "version": "0.18.17",
      "resolved": "https://registry.npmjs.org/@esbuild/linux-ppc64/-/linux-ppc64-0.18.17.tgz",
      "integrity": "sha512-BAAilJ0M5O2uMxHYGjFKn4nJKF6fNCdP1E0o5t5fvMYYzeIqy2JdAP88Az5LHt9qBoUa4tDaRpfWt21ep5/WqQ==",
      "cpu": [
        "ppc64"
      ],
      "dev": true,
      "optional": true,
      "os": [
        "linux"
      ],
      "engines": {
        "node": ">=12"
      }
    },
    "node_modules/@esbuild/linux-riscv64": {
      "version": "0.18.17",
      "resolved": "https://registry.npmjs.org/@esbuild/linux-riscv64/-/linux-riscv64-0.18.17.tgz",
      "integrity": "sha512-Wh/HW2MPnC3b8BqRSIme/9Zhab36PPH+3zam5pqGRH4pE+4xTrVLx2+XdGp6fVS3L2x+DrsIcsbMleex8fbE6g==",
      "cpu": [
        "riscv64"
      ],
      "dev": true,
      "optional": true,
      "os": [
        "linux"
      ],
      "engines": {
        "node": ">=12"
      }
    },
    "node_modules/@esbuild/linux-s390x": {
      "version": "0.18.17",
      "resolved": "https://registry.npmjs.org/@esbuild/linux-s390x/-/linux-s390x-0.18.17.tgz",
      "integrity": "sha512-j/34jAl3ul3PNcK3pfI0NSlBANduT2UO5kZ7FCaK33XFv3chDhICLY8wJJWIhiQ+YNdQ9dxqQctRg2bvrMlYgg==",
      "cpu": [
        "s390x"
      ],
      "dev": true,
      "optional": true,
      "os": [
        "linux"
      ],
      "engines": {
        "node": ">=12"
      }
    },
    "node_modules/@esbuild/linux-x64": {
      "version": "0.18.17",
      "resolved": "https://registry.npmjs.org/@esbuild/linux-x64/-/linux-x64-0.18.17.tgz",
      "integrity": "sha512-QM50vJ/y+8I60qEmFxMoxIx4de03pGo2HwxdBeFd4nMh364X6TIBZ6VQ5UQmPbQWUVWHWws5MmJXlHAXvJEmpQ==",
      "cpu": [
        "x64"
      ],
      "dev": true,
      "optional": true,
      "os": [
        "linux"
      ],
      "engines": {
        "node": ">=12"
      }
    },
    "node_modules/@esbuild/netbsd-x64": {
      "version": "0.18.17",
      "resolved": "https://registry.npmjs.org/@esbuild/netbsd-x64/-/netbsd-x64-0.18.17.tgz",
      "integrity": "sha512-/jGlhWR7Sj9JPZHzXyyMZ1RFMkNPjC6QIAan0sDOtIo2TYk3tZn5UDrkE0XgsTQCxWTTOcMPf9p6Rh2hXtl5TQ==",
      "cpu": [
        "x64"
      ],
      "dev": true,
      "optional": true,
      "os": [
        "netbsd"
      ],
      "engines": {
        "node": ">=12"
      }
    },
    "node_modules/@esbuild/openbsd-x64": {
      "version": "0.18.17",
      "resolved": "https://registry.npmjs.org/@esbuild/openbsd-x64/-/openbsd-x64-0.18.17.tgz",
      "integrity": "sha512-rSEeYaGgyGGf4qZM2NonMhMOP/5EHp4u9ehFiBrg7stH6BYEEjlkVREuDEcQ0LfIl53OXLxNbfuIj7mr5m29TA==",
      "cpu": [
        "x64"
      ],
      "dev": true,
      "optional": true,
      "os": [
        "openbsd"
      ],
      "engines": {
        "node": ">=12"
      }
    },
    "node_modules/@esbuild/sunos-x64": {
      "version": "0.18.17",
      "resolved": "https://registry.npmjs.org/@esbuild/sunos-x64/-/sunos-x64-0.18.17.tgz",
      "integrity": "sha512-Y7ZBbkLqlSgn4+zot4KUNYst0bFoO68tRgI6mY2FIM+b7ZbyNVtNbDP5y8qlu4/knZZ73fgJDlXID+ohY5zt5g==",
      "cpu": [
        "x64"
      ],
      "dev": true,
      "optional": true,
      "os": [
        "sunos"
      ],
      "engines": {
        "node": ">=12"
      }
    },
    "node_modules/@esbuild/win32-arm64": {
      "version": "0.18.17",
      "resolved": "https://registry.npmjs.org/@esbuild/win32-arm64/-/win32-arm64-0.18.17.tgz",
      "integrity": "sha512-bwPmTJsEQcbZk26oYpc4c/8PvTY3J5/QK8jM19DVlEsAB41M39aWovWoHtNm78sd6ip6prilxeHosPADXtEJFw==",
      "cpu": [
        "arm64"
      ],
      "dev": true,
      "optional": true,
      "os": [
        "win32"
      ],
      "engines": {
        "node": ">=12"
      }
    },
    "node_modules/@esbuild/win32-ia32": {
      "version": "0.18.17",
      "resolved": "https://registry.npmjs.org/@esbuild/win32-ia32/-/win32-ia32-0.18.17.tgz",
      "integrity": "sha512-H/XaPtPKli2MhW+3CQueo6Ni3Avggi6hP/YvgkEe1aSaxw+AeO8MFjq8DlgfTd9Iz4Yih3QCZI6YLMoyccnPRg==",
      "cpu": [
        "ia32"
      ],
      "dev": true,
      "optional": true,
      "os": [
        "win32"
      ],
      "engines": {
        "node": ">=12"
      }
    },
    "node_modules/@esbuild/win32-x64": {
      "version": "0.18.17",
      "resolved": "https://registry.npmjs.org/@esbuild/win32-x64/-/win32-x64-0.18.17.tgz",
      "integrity": "sha512-fGEb8f2BSA3CW7riJVurug65ACLuQAzKq0SSqkY2b2yHHH0MzDfbLyKIGzHwOI/gkHcxM/leuSW6D5w/LMNitA==",
      "cpu": [
        "x64"
      ],
      "dev": true,
      "optional": true,
      "os": [
        "win32"
      ],
      "engines": {
        "node": ">=12"
      }
    },
    "node_modules/@popperjs/core": {
      "version": "2.11.8",
      "resolved": "https://registry.npmjs.org/@popperjs/core/-/core-2.11.8.tgz",
      "integrity": "sha512-P1st0aksCrn9sGZhp8GMYwBnQsbvAWsZAX44oXNNvLHGqAOcoVxmjZiohstwQ7SqKnbR47akdNi+uleWD8+g6A==",
      "peer": true,
      "funding": {
        "type": "opencollective",
        "url": "https://opencollective.com/popperjs"
      }
    },
    "node_modules/@preact/signals": {
      "version": "1.1.5",
      "resolved": "https://registry.npmjs.org/@preact/signals/-/signals-1.1.5.tgz",
      "integrity": "sha512-OWr9TjuNh9ol/B5rNbLANEA940MvbYDMGcSAjPaKzAHBPhnTpuFCWhBB8vSm9lfy1BxKx6DKJLSs3Cz24otdkw==",
      "dependencies": {
        "@preact/signals-core": "^1.3.1"
      },
      "funding": {
        "type": "opencollective",
        "url": "https://opencollective.com/preact"
      },
      "peerDependencies": {
        "preact": "10.x"
      }
    },
    "node_modules/@preact/signals-core": {
      "version": "1.3.1",
      "resolved": "https://registry.npmjs.org/@preact/signals-core/-/signals-core-1.3.1.tgz",
      "integrity": "sha512-DL+3kDssZ3UOMz9HufwSYE/gK0+TnT1jzegfF5rstgyPrnyfjz4BHAoxmzQA6Mkp4UlKe8qjsgl3v5a/obzNig==",
      "funding": {
        "type": "opencollective",
        "url": "https://opencollective.com/preact"
      }
    },
    "node_modules/argparse": {
      "version": "2.0.1",
      "resolved": "https://registry.npmjs.org/argparse/-/argparse-2.0.1.tgz",
      "integrity": "sha512-8+9WqebbFzpX9OR+Wa6O29asIogeRMzcGtAINdpMHHyAg10f05aSFVBbcEqGf/PXw1EjAZ+q2/bEBg3DvurK3Q=="
    },
    "node_modules/bootstrap": {
      "version": "5.3.1",
      "resolved": "https://registry.npmjs.org/bootstrap/-/bootstrap-5.3.1.tgz",
      "integrity": "sha512-jzwza3Yagduci2x0rr9MeFSORjcHpt0lRZukZPZQJT1Dth5qzV7XcgGqYzi39KGAVYR8QEDVoO0ubFKOxzMG+g==",
      "funding": [
        {
          "type": "github",
          "url": "https://github.com/sponsors/twbs"
        },
        {
          "type": "opencollective",
          "url": "https://opencollective.com/bootstrap"
        }
      ],
      "peerDependencies": {
        "@popperjs/core": "^2.11.8"
      }
    },
    "node_modules/entities": {
      "version": "3.0.1",
      "resolved": "https://registry.npmjs.org/entities/-/entities-3.0.1.tgz",
      "integrity": "sha512-WiyBqoomrwMdFG1e0kqvASYfnlb0lp8M5o5Fw2OFq1hNZxxcNk8Ik0Xm7LxzBhuidnZB/UtBqVCgUz3kBOP51Q==",
      "engines": {
        "node": ">=0.12"
      },
      "funding": {
        "url": "https://github.com/fb55/entities?sponsor=1"
      }
    },
    "node_modules/esbuild": {
      "version": "0.18.17",
      "resolved": "https://registry.npmjs.org/esbuild/-/esbuild-0.18.17.tgz",
      "integrity": "sha512-1GJtYnUxsJreHYA0Y+iQz2UEykonY66HNWOb0yXYZi9/kNrORUEHVg87eQsCtqh59PEJ5YVZJO98JHznMJSWjg==",
      "dev": true,
      "hasInstallScript": true,
      "bin": {
        "esbuild": "bin/esbuild"
      },
      "engines": {
        "node": ">=12"
      },
      "optionalDependencies": {
        "@esbuild/android-arm": "0.18.17",
        "@esbuild/android-arm64": "0.18.17",
        "@esbuild/android-x64": "0.18.17",
        "@esbuild/darwin-arm64": "0.18.17",
        "@esbuild/darwin-x64": "0.18.17",
        "@esbuild/freebsd-arm64": "0.18.17",
        "@esbuild/freebsd-x64": "0.18.17",
        "@esbuild/linux-arm": "0.18.17",
        "@esbuild/linux-arm64": "0.18.17",
        "@esbuild/linux-ia32": "0.18.17",
        "@esbuild/linux-loong64": "0.18.17",
        "@esbuild/linux-mips64el": "0.18.17",
        "@esbuild/linux-ppc64": "0.18.17",
        "@esbuild/linux-riscv64": "0.18.17",
        "@esbuild/linux-s390x": "0.18.17",
        "@esbuild/linux-x64": "0.18.17",
        "@esbuild/netbsd-x64": "0.18.17",
        "@esbuild/openbsd-x64": "0.18.17",
        "@esbuild/sunos-x64": "0.18.17",
        "@esbuild/win32-arm64": "0.18.17",
        "@esbuild/win32-ia32": "0.18.17",
        "@esbuild/win32-x64": "0.18.17"
      }
    },
    "node_modules/history": {
      "version": "5.3.0",
      "resolved": "https://registry.npmjs.org/history/-/history-5.3.0.tgz",
      "integrity": "sha512-ZqaKwjjrAYUYfLG+htGaIIZ4nioX2L70ZUMIFysS3xvBsSG4x/n1V6TXV3N8ZYNuFGlDirFg32T7B6WOUPDYcQ==",
      "dependencies": {
        "@babel/runtime": "^7.7.6"
      }
    },
    "node_modules/linkify-it": {
      "version": "4.0.1",
      "resolved": "https://registry.npmjs.org/linkify-it/-/linkify-it-4.0.1.tgz",
      "integrity": "sha512-C7bfi1UZmoj8+PQx22XyeXCuBlokoyWQL5pWSP+EI6nzRylyThouddufc2c1NDIcP9k5agmN9fLpA7VNJfIiqw==",
      "dependencies": {
        "uc.micro": "^1.0.1"
      }
    },
    "node_modules/markdown-it": {
      "version": "13.0.1",
      "resolved": "https://registry.npmjs.org/markdown-it/-/markdown-it-13.0.1.tgz",
      "integrity": "sha512-lTlxriVoy2criHP0JKRhO2VDG9c2ypWCsT237eDiLqi09rmbKoUetyGHq2uOIRoRS//kfoJckS0eUzzkDR+k2Q==",
      "dependencies": {
        "argparse": "^2.0.1",
        "entities": "~3.0.1",
        "linkify-it": "^4.0.1",
        "mdurl": "^1.0.1",
        "uc.micro": "^1.0.5"
      },
      "bin": {
        "markdown-it": "bin/markdown-it.js"
      }
    },
    "node_modules/mdurl": {
      "version": "1.0.1",
      "resolved": "https://registry.npmjs.org/mdurl/-/mdurl-1.0.1.tgz",
      "integrity": "sha512-/sKlQJCBYVY9Ers9hqzKou4H6V5UWc/M59TH2dvkt+84itfnq7uFOMLpOiOS4ujvHP4etln18fmIxA5R5fll0g=="
    },
    "node_modules/preact": {
      "version": "10.16.0",
      "resolved": "https://registry.npmjs.org/preact/-/preact-10.16.0.tgz",
      "integrity": "sha512-XTSj3dJ4roKIC93pald6rWuB2qQJO9gO2iLLyTe87MrjQN+HklueLsmskbywEWqCHlclgz3/M4YLL2iBr9UmMA==",
      "funding": {
        "type": "opencollective",
        "url": "https://opencollective.com/preact"
      }
    },
    "node_modules/preact-router": {
      "version": "4.1.2",
      "resolved": "https://registry.npmjs.org/preact-router/-/preact-router-4.1.2.tgz",
      "integrity": "sha512-uICUaUFYh+XQ+6vZtQn1q+X6rSqwq+zorWOCLWPF5FAsQh3EJ+RsDQ9Ee+fjk545YWQHfUxhrBAaemfxEnMOUg==",
      "peerDependencies": {
        "preact": ">=10"
      }
    },
    "node_modules/regenerator-runtime": {
      "version": "0.13.11",
      "resolved": "https://registry.npmjs.org/regenerator-runtime/-/regenerator-runtime-0.13.11.tgz",
      "integrity": "sha512-kY1AZVr2Ra+t+piVaJ4gxaFaReZVH40AKNo7UCX6W+dEwBo/2oZJzqfuN1qLq1oL45o56cPaTXELwrTh8Fpggg=="
    },
    "node_modules/typescript": {
      "version": "5.1.6",
      "resolved": "https://registry.npmjs.org/typescript/-/typescript-5.1.6.tgz",
      "integrity": "sha512-zaWCozRZ6DLEWAWFrVDz1H6FVXzUSfTy5FUMWsQlU8Ym5JP9eO4xkTIROFCQvhQf61z6O/G6ugw3SgAnvvm+HA==",
      "dev": true,
      "bin": {
        "tsc": "bin/tsc",
        "tsserver": "bin/tsserver"
      },
      "engines": {
        "node": ">=14.17"
      }
    },
    "node_modules/uc.micro": {
      "version": "1.0.6",
      "resolved": "https://registry.npmjs.org/uc.micro/-/uc.micro-1.0.6.tgz",
      "integrity": "sha512-8Y75pvTYkLJW2hWQHXxoqRgV7qb9B+9vFEtidML+7koHUFapnVJAZ6cKs+Qjz5Aw3aZWHMC6u0wJE3At+nSGwA=="
    }
  }
}
