{
  "name": "ava",
  "lockfileVersion": 3,
  "requires": true,
  "packages": {
    "": {
      "name": "ava",
      "hasInstallScript": true,
      "dependencies": {
        "@preact/signals": "^1.2.2",
        "@twind/core": "^1.1.3",
        "@twind/preset-radix-ui": "^1.0.7",
        "@twind/preset-tailwind": "^1.1.4",
        "lucide": "^0.336.0",
        "marked": "^12.0.0",
        "preact": "^10.19.6"
      },
      "devDependencies": {
        "esbuild": "^0.20.1",
        "typescript": "5.3.3",
        "undom": "^0.4.0"
      }
    },
    "node_modules/@esbuild/aix-ppc64": {
      "version": "0.20.1",
      "resolved": "https://registry.npmjs.org/@esbuild/aix-ppc64/-/aix-ppc64-0.20.1.tgz",
      "integrity": "sha512-m55cpeupQ2DbuRGQMMZDzbv9J9PgVelPjlcmM5kxHnrBdBx6REaEd7LamYV7Dm8N7rCyR/XwU6rVP8ploKtIkA==",
      "cpu": [
        "ppc64"
      ],
      "dev": true,
      "optional": true,
      "os": [
        "aix"
      ],
      "engines": {
        "node": ">=12"
      }
    },
    "node_modules/@esbuild/android-arm": {
      "version": "0.20.1",
      "resolved": "https://registry.npmjs.org/@esbuild/android-arm/-/android-arm-0.20.1.tgz",
      "integrity": "sha512-4j0+G27/2ZXGWR5okcJi7pQYhmkVgb4D7UKwxcqrjhvp5TKWx3cUjgB1CGj1mfdmJBQ9VnUGgUhign+FPF2Zgw==",
      "cpu": [
        "arm"
      ],
      "dev": true,
      "optional": true,
      "os": [
        "android"
      ],
      "engines": {
        "node": ">=12"
      }
    },
    "node_modules/@esbuild/android-arm64": {
      "version": "0.20.1",
      "resolved": "https://registry.npmjs.org/@esbuild/android-arm64/-/android-arm64-0.20.1.tgz",
      "integrity": "sha512-hCnXNF0HM6AjowP+Zou0ZJMWWa1VkD77BXe959zERgGJBBxB+sV+J9f/rcjeg2c5bsukD/n17RKWXGFCO5dD5A==",
      "cpu": [
        "arm64"
      ],
      "dev": true,
      "optional": true,
      "os": [
        "android"
      ],
      "engines": {
        "node": ">=12"
      }
    },
    "node_modules/@esbuild/android-x64": {
      "version": "0.20.1",
      "resolved": "https://registry.npmjs.org/@esbuild/android-x64/-/android-x64-0.20.1.tgz",
      "integrity": "sha512-MSfZMBoAsnhpS+2yMFYIQUPs8Z19ajwfuaSZx+tSl09xrHZCjbeXXMsUF/0oq7ojxYEpsSo4c0SfjxOYXRbpaA==",
      "cpu": [
        "x64"
      ],
      "dev": true,
      "optional": true,
      "os": [
        "android"
      ],
      "engines": {
        "node": ">=12"
      }
    },
    "node_modules/@esbuild/darwin-arm64": {
      "version": "0.20.1",
      "resolved": "https://registry.npmjs.org/@esbuild/darwin-arm64/-/darwin-arm64-0.20.1.tgz",
      "integrity": "sha512-Ylk6rzgMD8klUklGPzS414UQLa5NPXZD5tf8JmQU8GQrj6BrFA/Ic9tb2zRe1kOZyCbGl+e8VMbDRazCEBqPvA==",
      "cpu": [
        "arm64"
      ],
      "dev": true,
      "optional": true,
      "os": [
        "darwin"
      ],
      "engines": {
        "node": ">=12"
      }
    },
    "node_modules/@esbuild/darwin-x64": {
      "version": "0.20.1",
      "resolved": "https://registry.npmjs.org/@esbuild/darwin-x64/-/darwin-x64-0.20.1.tgz",
      "integrity": "sha512-pFIfj7U2w5sMp52wTY1XVOdoxw+GDwy9FsK3OFz4BpMAjvZVs0dT1VXs8aQm22nhwoIWUmIRaE+4xow8xfIDZA==",
      "cpu": [
        "x64"
      ],
      "dev": true,
      "optional": true,
      "os": [
        "darwin"
      ],
      "engines": {
        "node": ">=12"
      }
    },
    "node_modules/@esbuild/freebsd-arm64": {
      "version": "0.20.1",
      "resolved": "https://registry.npmjs.org/@esbuild/freebsd-arm64/-/freebsd-arm64-0.20.1.tgz",
      "integrity": "sha512-UyW1WZvHDuM4xDz0jWun4qtQFauNdXjXOtIy7SYdf7pbxSWWVlqhnR/T2TpX6LX5NI62spt0a3ldIIEkPM6RHw==",
      "cpu": [
        "arm64"
      ],
      "dev": true,
      "optional": true,
      "os": [
        "freebsd"
      ],
      "engines": {
        "node": ">=12"
      }
    },
    "node_modules/@esbuild/freebsd-x64": {
      "version": "0.20.1",
      "resolved": "https://registry.npmjs.org/@esbuild/freebsd-x64/-/freebsd-x64-0.20.1.tgz",
      "integrity": "sha512-itPwCw5C+Jh/c624vcDd9kRCCZVpzpQn8dtwoYIt2TJF3S9xJLiRohnnNrKwREvcZYx0n8sCSbvGH349XkcQeg==",
      "cpu": [
        "x64"
      ],
      "dev": true,
      "optional": true,
      "os": [
        "freebsd"
      ],
      "engines": {
        "node": ">=12"
      }
    },
    "node_modules/@esbuild/linux-arm": {
      "version": "0.20.1",
      "resolved": "https://registry.npmjs.org/@esbuild/linux-arm/-/linux-arm-0.20.1.tgz",
      "integrity": "sha512-LojC28v3+IhIbfQ+Vu4Ut5n3wKcgTu6POKIHN9Wpt0HnfgUGlBuyDDQR4jWZUZFyYLiz4RBBBmfU6sNfn6RhLw==",
      "cpu": [
        "arm"
      ],
      "dev": true,
      "optional": true,
      "os": [
        "linux"
      ],
      "engines": {
        "node": ">=12"
      }
    },
    "node_modules/@esbuild/linux-arm64": {
      "version": "0.20.1",
      "resolved": "https://registry.npmjs.org/@esbuild/linux-arm64/-/linux-arm64-0.20.1.tgz",
      "integrity": "sha512-cX8WdlF6Cnvw/DO9/X7XLH2J6CkBnz7Twjpk56cshk9sjYVcuh4sXQBy5bmTwzBjNVZze2yaV1vtcJS04LbN8w==",
      "cpu": [
        "arm64"
      ],
      "dev": true,
      "optional": true,
      "os": [
        "linux"
      ],
      "engines": {
        "node": ">=12"
      }
    },
    "node_modules/@esbuild/linux-ia32": {
      "version": "0.20.1",
      "resolved": "https://registry.npmjs.org/@esbuild/linux-ia32/-/linux-ia32-0.20.1.tgz",
      "integrity": "sha512-4H/sQCy1mnnGkUt/xszaLlYJVTz3W9ep52xEefGtd6yXDQbz/5fZE5dFLUgsPdbUOQANcVUa5iO6g3nyy5BJiw==",
      "cpu": [
        "ia32"
      ],
      "dev": true,
      "optional": true,
      "os": [
        "linux"
      ],
      "engines": {
        "node": ">=12"
      }
    },
    "node_modules/@esbuild/linux-loong64": {
      "version": "0.20.1",
      "resolved": "https://registry.npmjs.org/@esbuild/linux-loong64/-/linux-loong64-0.20.1.tgz",
      "integrity": "sha512-c0jgtB+sRHCciVXlyjDcWb2FUuzlGVRwGXgI+3WqKOIuoo8AmZAddzeOHeYLtD+dmtHw3B4Xo9wAUdjlfW5yYA==",
      "cpu": [
        "loong64"
      ],
      "dev": true,
      "optional": true,
      "os": [
        "linux"
      ],
      "engines": {
        "node": ">=12"
      }
    },
    "node_modules/@esbuild/linux-mips64el": {
      "version": "0.20.1",
      "resolved": "https://registry.npmjs.org/@esbuild/linux-mips64el/-/linux-mips64el-0.20.1.tgz",
      "integrity": "sha512-TgFyCfIxSujyuqdZKDZ3yTwWiGv+KnlOeXXitCQ+trDODJ+ZtGOzLkSWngynP0HZnTsDyBbPy7GWVXWaEl6lhA==",
      "cpu": [
        "mips64el"
      ],
      "dev": true,
      "optional": true,
      "os": [
        "linux"
      ],
      "engines": {
        "node": ">=12"
      }
    },
    "node_modules/@esbuild/linux-ppc64": {
      "version": "0.20.1",
      "resolved": "https://registry.npmjs.org/@esbuild/linux-ppc64/-/linux-ppc64-0.20.1.tgz",
      "integrity": "sha512-b+yuD1IUeL+Y93PmFZDZFIElwbmFfIKLKlYI8M6tRyzE6u7oEP7onGk0vZRh8wfVGC2dZoy0EqX1V8qok4qHaw==",
      "cpu": [
        "ppc64"
      ],
      "dev": true,
      "optional": true,
      "os": [
        "linux"
      ],
      "engines": {
        "node": ">=12"
      }
    },
    "node_modules/@esbuild/linux-riscv64": {
      "version": "0.20.1",
      "resolved": "https://registry.npmjs.org/@esbuild/linux-riscv64/-/linux-riscv64-0.20.1.tgz",
      "integrity": "sha512-wpDlpE0oRKZwX+GfomcALcouqjjV8MIX8DyTrxfyCfXxoKQSDm45CZr9fanJ4F6ckD4yDEPT98SrjvLwIqUCgg==",
      "cpu": [
        "riscv64"
      ],
      "dev": true,
      "optional": true,
      "os": [
        "linux"
      ],
      "engines": {
        "node": ">=12"
      }
    },
    "node_modules/@esbuild/linux-s390x": {
      "version": "0.20.1",
      "resolved": "https://registry.npmjs.org/@esbuild/linux-s390x/-/linux-s390x-0.20.1.tgz",
      "integrity": "sha512-5BepC2Au80EohQ2dBpyTquqGCES7++p7G+7lXe1bAIvMdXm4YYcEfZtQrP4gaoZ96Wv1Ute61CEHFU7h4FMueQ==",
      "cpu": [
        "s390x"
      ],
      "dev": true,
      "optional": true,
      "os": [
        "linux"
      ],
      "engines": {
        "node": ">=12"
      }
    },
    "node_modules/@esbuild/linux-x64": {
      "version": "0.20.1",
      "resolved": "https://registry.npmjs.org/@esbuild/linux-x64/-/linux-x64-0.20.1.tgz",
      "integrity": "sha512-5gRPk7pKuaIB+tmH+yKd2aQTRpqlf1E4f/mC+tawIm/CGJemZcHZpp2ic8oD83nKgUPMEd0fNanrnFljiruuyA==",
      "cpu": [
        "x64"
      ],
      "dev": true,
      "optional": true,
      "os": [
        "linux"
      ],
      "engines": {
        "node": ">=12"
      }
    },
    "node_modules/@esbuild/netbsd-x64": {
      "version": "0.20.1",
      "resolved": "https://registry.npmjs.org/@esbuild/netbsd-x64/-/netbsd-x64-0.20.1.tgz",
      "integrity": "sha512-4fL68JdrLV2nVW2AaWZBv3XEm3Ae3NZn/7qy2KGAt3dexAgSVT+Hc97JKSZnqezgMlv9x6KV0ZkZY7UO5cNLCg==",
      "cpu": [
        "x64"
      ],
      "dev": true,
      "optional": true,
      "os": [
        "netbsd"
      ],
      "engines": {
        "node": ">=12"
      }
    },
    "node_modules/@esbuild/openbsd-x64": {
      "version": "0.20.1",
      "resolved": "https://registry.npmjs.org/@esbuild/openbsd-x64/-/openbsd-x64-0.20.1.tgz",
      "integrity": "sha512-GhRuXlvRE+twf2ES+8REbeCb/zeikNqwD3+6S5y5/x+DYbAQUNl0HNBs4RQJqrechS4v4MruEr8ZtAin/hK5iw==",
      "cpu": [
        "x64"
      ],
      "dev": true,
      "optional": true,
      "os": [
        "openbsd"
      ],
      "engines": {
        "node": ">=12"
      }
    },
    "node_modules/@esbuild/sunos-x64": {
      "version": "0.20.1",
      "resolved": "https://registry.npmjs.org/@esbuild/sunos-x64/-/sunos-x64-0.20.1.tgz",
      "integrity": "sha512-ZnWEyCM0G1Ex6JtsygvC3KUUrlDXqOihw8RicRuQAzw+c4f1D66YlPNNV3rkjVW90zXVsHwZYWbJh3v+oQFM9Q==",
      "cpu": [
        "x64"
      ],
      "dev": true,
      "optional": true,
      "os": [
        "sunos"
      ],
      "engines": {
        "node": ">=12"
      }
    },
    "node_modules/@esbuild/win32-arm64": {
      "version": "0.20.1",
      "resolved": "https://registry.npmjs.org/@esbuild/win32-arm64/-/win32-arm64-0.20.1.tgz",
      "integrity": "sha512-QZ6gXue0vVQY2Oon9WyLFCdSuYbXSoxaZrPuJ4c20j6ICedfsDilNPYfHLlMH7vGfU5DQR0czHLmJvH4Nzis/A==",
      "cpu": [
        "arm64"
      ],
      "dev": true,
      "optional": true,
      "os": [
        "win32"
      ],
      "engines": {
        "node": ">=12"
      }
    },
    "node_modules/@esbuild/win32-ia32": {
      "version": "0.20.1",
      "resolved": "https://registry.npmjs.org/@esbuild/win32-ia32/-/win32-ia32-0.20.1.tgz",
      "integrity": "sha512-HzcJa1NcSWTAU0MJIxOho8JftNp9YALui3o+Ny7hCh0v5f90nprly1U3Sj1Ldj/CvKKdvvFsCRvDkpsEMp4DNw==",
      "cpu": [
        "ia32"
      ],
      "dev": true,
      "optional": true,
      "os": [
        "win32"
      ],
      "engines": {
        "node": ">=12"
      }
    },
    "node_modules/@esbuild/win32-x64": {
      "version": "0.20.1",
      "resolved": "https://registry.npmjs.org/@esbuild/win32-x64/-/win32-x64-0.20.1.tgz",
      "integrity": "sha512-0MBh53o6XtI6ctDnRMeQ+xoCN8kD2qI1rY1KgF/xdWQwoFeKou7puvDfV8/Wv4Ctx2rRpET/gGdz3YlNtNACSA==",
      "cpu": [
        "x64"
      ],
      "dev": true,
      "optional": true,
      "os": [
        "win32"
      ],
      "engines": {
        "node": ">=12"
      }
    },
    "node_modules/@preact/signals": {
      "version": "1.2.2",
      "resolved": "https://registry.npmjs.org/@preact/signals/-/signals-1.2.2.tgz",
      "integrity": "sha512-ColCqdo4cRP18bAuIR4Oik5rDpiyFtPIJIygaYPMEAwTnl4buWkBOflGBSzhYyPyJfKpkwlekrvK+1pzQ2ldWw==",
      "dependencies": {
        "@preact/signals-core": "^1.4.0"
      },
      "funding": {
        "type": "opencollective",
        "url": "https://opencollective.com/preact"
      },
      "peerDependencies": {
        "preact": "10.x"
      }
    },
    "node_modules/@preact/signals-core": {
      "version": "1.5.1",
      "resolved": "https://registry.npmjs.org/@preact/signals-core/-/signals-core-1.5.1.tgz",
      "integrity": "sha512-dE6f+WCX5ZUDwXzUIWNMhhglmuLpqJhuy3X3xHrhZYI0Hm2LyQwOu0l9mdPiWrVNsE+Q7txOnJPgtIqHCYoBVA==",
      "funding": {
        "type": "opencollective",
        "url": "https://opencollective.com/preact"
      }
    },
    "node_modules/@twind/core": {
      "version": "1.1.3",
      "resolved": "https://registry.npmjs.org/@twind/core/-/core-1.1.3.tgz",
      "integrity": "sha512-/B/aNFerMb2IeyjSJy3SJxqVxhrT77gBDknLMiZqXIRr4vNJqiuhx7KqUSRzDCwUmyGuogkamz+aOLzN6MeSLw==",
      "funding": [
        {
          "type": "Open Collective",
          "url": "https://opencollective.com/twind"
        },
        {
          "type": "Github Sponsor",
          "url": "https://github.com/sponsors/tw-in-js"
        },
        {
          "type": "Ko-fi",
          "url": "https://ko-fi.com/twind"
        }
      ],
      "dependencies": {
        "csstype": "^3.1.1"
      },
      "engines": {
        "node": ">=14.15.0"
      },
      "peerDependencies": {
        "typescript": "^4.8.4"
      },
      "peerDependenciesMeta": {
        "typescript": {
          "optional": true
        }
      }
    },
    "node_modules/@twind/preset-radix-ui": {
      "version": "1.0.7",
      "resolved": "https://registry.npmjs.org/@twind/preset-radix-ui/-/preset-radix-ui-1.0.7.tgz",
      "integrity": "sha512-EyQtZ/PqTA4Cf5qOc8Gjy56ZwZMd5Nk+Zsm4ZRE8b7fdiMhH3FbCSXjCUeFluSgaIhdMbaVHV2AOa6Z0RBSkBQ==",
      "funding": [
        {
          "type": "Open Collective",
          "url": "https://opencollective.com/twind"
        },
        {
          "type": "Github Sponsor",
          "url": "https://github.com/sponsors/tw-in-js"
        },
        {
          "type": "Ko-fi",
          "url": "https://ko-fi.com/twind"
        }
      ],
      "engines": {
        "node": ">=14.15.0"
      },
      "peerDependencies": {
        "@twind/core": "^1.1.0",
        "typescript": "^4.8.4"
      },
      "peerDependenciesMeta": {
        "typescript": {
          "optional": true
        }
      }
    },
    "node_modules/@twind/preset-tailwind": {
      "version": "1.1.4",
      "resolved": "https://registry.npmjs.org/@twind/preset-tailwind/-/preset-tailwind-1.1.4.tgz",
      "integrity": "sha512-zv85wrP/DW4AxgWrLfH7kyGn/KJF3K04FMLVl2AjoxZGYdCaoZDkL8ma3hzaKQ+WGgBFRubuB/Ku2Rtv/wjzVw==",
      "funding": [
        {
          "type": "Open Collective",
          "url": "https://opencollective.com/twind"
        },
        {
          "type": "Github Sponsor",
          "url": "https://github.com/sponsors/tw-in-js"
        },
        {
          "type": "Ko-fi",
          "url": "https://ko-fi.com/twind"
        }
      ],
      "engines": {
        "node": ">=14.15.0"
      },
      "peerDependencies": {
        "@twind/core": "^1.1.0",
        "typescript": "^4.8.4"
      },
      "peerDependenciesMeta": {
        "typescript": {
          "optional": true
        }
      }
    },
    "node_modules/csstype": {
      "version": "3.1.2",
      "resolved": "https://registry.npmjs.org/csstype/-/csstype-3.1.2.tgz",
      "integrity": "sha512-I7K1Uu0MBPzaFKg4nI5Q7Vs2t+3gWWW648spaF+Rg7pI9ds18Ugn+lvg4SHczUdKlHI5LWBXyqfS8+DufyBsgQ=="
    },
    "node_modules/esbuild": {
      "version": "0.20.1",
      "resolved": "https://registry.npmjs.org/esbuild/-/esbuild-0.20.1.tgz",
      "integrity": "sha512-OJwEgrpWm/PCMsLVWXKqvcjme3bHNpOgN7Tb6cQnR5n0TPbQx1/Xrn7rqM+wn17bYeT6MGB5sn1Bh5YiGi70nA==",
      "dev": true,
      "hasInstallScript": true,
      "bin": {
        "esbuild": "bin/esbuild"
      },
      "engines": {
        "node": ">=12"
      },
      "optionalDependencies": {
        "@esbuild/aix-ppc64": "0.20.1",
        "@esbuild/android-arm": "0.20.1",
        "@esbuild/android-arm64": "0.20.1",
        "@esbuild/android-x64": "0.20.1",
        "@esbuild/darwin-arm64": "0.20.1",
        "@esbuild/darwin-x64": "0.20.1",
        "@esbuild/freebsd-arm64": "0.20.1",
        "@esbuild/freebsd-x64": "0.20.1",
        "@esbuild/linux-arm": "0.20.1",
        "@esbuild/linux-arm64": "0.20.1",
        "@esbuild/linux-ia32": "0.20.1",
        "@esbuild/linux-loong64": "0.20.1",
        "@esbuild/linux-mips64el": "0.20.1",
        "@esbuild/linux-ppc64": "0.20.1",
        "@esbuild/linux-riscv64": "0.20.1",
        "@esbuild/linux-s390x": "0.20.1",
        "@esbuild/linux-x64": "0.20.1",
        "@esbuild/netbsd-x64": "0.20.1",
        "@esbuild/openbsd-x64": "0.20.1",
        "@esbuild/sunos-x64": "0.20.1",
        "@esbuild/win32-arm64": "0.20.1",
        "@esbuild/win32-ia32": "0.20.1",
        "@esbuild/win32-x64": "0.20.1"
      }
    },
    "node_modules/lucide": {
      "version": "0.336.0",
      "resolved": "https://registry.npmjs.org/lucide/-/lucide-0.336.0.tgz",
      "integrity": "sha512-GXIXZZ/8MX3qa1UUl02XXec+UWOtwxqexAsLIKi5tLpjc+zas12ATuv56+Od9wBt6nGbmrffYflAJJy+VLK6hw=="
    },
    "node_modules/marked": {
      "version": "12.0.0",
      "resolved": "https://registry.npmjs.org/marked/-/marked-12.0.0.tgz",
      "integrity": "sha512-Vkwtq9rLqXryZnWaQc86+FHLC6tr/fycMfYAhiOIXkrNmeGAyhSxjqu0Rs1i0bBqw5u0S7+lV9fdH2ZSVaoa0w==",
      "bin": {
        "marked": "bin/marked.js"
      },
      "engines": {
        "node": ">= 18"
      }
    },
    "node_modules/preact": {
      "version": "10.19.6",
      "resolved": "https://registry.npmjs.org/preact/-/preact-10.19.6.tgz",
      "integrity": "sha512-gympg+T2Z1fG1unB8NH29yHJwnEaCH37Z32diPDku316OTnRPeMbiRV9kTrfZpocXjdfnWuFUl/Mj4BHaf6gnw==",
      "funding": {
        "type": "opencollective",
        "url": "https://opencollective.com/preact"
      }
    },
    "node_modules/typescript": {
      "version": "5.3.3",
      "resolved": "https://registry.npmjs.org/typescript/-/typescript-5.3.3.tgz",
      "integrity": "sha512-pXWcraxM0uxAS+tN0AG/BF2TyqmHO014Z070UsJ+pFvYuRSq8KH8DmWpnbXe0pEPDHXZV3FcAbJkijJ5oNEnWw==",
      "devOptional": true,
      "bin": {
        "tsc": "bin/tsc",
        "tsserver": "bin/tsserver"
      },
      "engines": {
        "node": ">=14.17"
      }
    },
    "node_modules/undom": {
      "version": "0.4.0",
      "resolved": "https://registry.npmjs.org/undom/-/undom-0.4.0.tgz",
      "integrity": "sha512-8azrUL2oaprTIKl//+dbx9BMDt3kW1TyBfRpYdemK1zBJe63AUu6O28nzv/Fx1maJAtkwlD8a6312MqomDYFOg==",
      "dev": true
    }
  }
}
